
Microsoft Visual Studio Solution File, Format Version 12.00
Project("{FAE04EC0-301F-11D3-BF4B-00C04F79EFBC}") = "A_Datenspeicherung", "A_Datenspeicherung\A_Datenspeicherung.csproj", "{94BBD1FD-D772-4191-A8EF-338660C24CA8}"
EndProject
Project("{FAE04EC0-301F-11D3-BF4B-00C04F79EFBC}") = "A_HZ1", "A_HZ1\A_HZ1.csproj", "{90981A5A-7B82-43BF-820F-ACBEC87C893A}"
EndProject
Project("{FAE04EC0-301F-11D3-BF4B-00C04F79EFBC}") = "HZ3_2_3", "HZ3_2_3\HZ3_2_3.csproj", "{0D5E9AFE-624A-4B32-8D96-291D512166B8}"
EndProject
Project("{FAE04EC0-301F-11D3-BF4B-00C04F79EFBC}") = "ädvänsd", "ädvänsd\ädvänsd.csproj", "{98FAC6CE-2CF9-407D-9C20-9402E68A0781}"
EndProject
Global
	GlobalSection(SolutionConfigurationPlatforms) = preSolution
		Debug|Any CPU = Debug|Any CPU
		Release|Any CPU = Release|Any CPU
	EndGlobalSection
	GlobalSection(ProjectConfigurationPlatforms) = postSolution
		{94BBD1FD-D772-4191-A8EF-338660C24CA8}.Debug|Any CPU.ActiveCfg = Debug|Any CPU
		{94BBD1FD-D772-4191-A8EF-338660C24CA8}.Debug|Any CPU.Build.0 = Debug|Any CPU
		{94BBD1FD-D772-4191-A8EF-338660C24CA8}.Release|Any CPU.ActiveCfg = Release|Any CPU
		{94BBD1FD-D772-4191-A8EF-338660C24CA8}.Release|Any CPU.Build.0 = Release|Any CPU
		{90981A5A-7B82-43BF-820F-ACBEC87C893A}.Debug|Any CPU.ActiveCfg = Debug|Any CPU
		{90981A5A-7B82-43BF-820F-ACBEC87C893A}.Debug|Any CPU.Build.0 = Debug|Any CPU
		{90981A5A-7B82-43BF-820F-ACBEC87C893A}.Release|Any CPU.ActiveCfg = Release|Any CPU
		{90981A5A-7B82-43BF-820F-ACBEC87C893A}.Release|Any CPU.Build.0 = Release|Any CPU
		{0D5E9AFE-624A-4B32-8D96-291D512166B8}.Debug|Any CPU.ActiveCfg = Debug|Any CPU
		{0D5E9AFE-624A-4B32-8D96-291D512166B8}.Debug|Any CPU.Build.0 = Debug|Any CPU
		{0D5E9AFE-624A-4B32-8D96-291D512166B8}.Release|Any CPU.ActiveCfg = Release|Any CPU
		{0D5E9AFE-624A-4B32-8D96-291D512166B8}.Release|Any CPU.Build.0 = Release|Any CPU
		{98FAC6CE-2CF9-407D-9C20-9402E68A0781}.Debug|Any CPU.ActiveCfg = Debug|Any CPU
		{98FAC6CE-2CF9-407D-9C20-9402E68A0781}.Debug|Any CPU.Build.0 = Debug|Any CPU
		{98FAC6CE-2CF9-407D-9C20-9402E68A0781}.Release|Any CPU.ActiveCfg = Release|Any CPU
		{98FAC6CE-2CF9-407D-9C20-9402E68A0781}.Release|Any CPU.Build.0 = Release|Any CPU
	EndGlobalSection
EndGlobal
